{
  "git_sha": "testsha",
  "engine_git_sha": "testsha",
  "dataset_id": "test_dataset",
  "dataset_hash": "c2a32c2ee80ad2630a796dd20c4ca74ee1d70c0619b39ce291717c70436306b3",
  "dataset_manifest_hash": "ace93d9ce483866d4c4b30d1258e6ee8a08c1dc658f4f0c30e5a4b72b54974db",
  "source_git_sha": "unknown",
  "dataset_hashes": [
    "dataset1"
  ],
  "feature_hashes": [
    "feature1"
  ],
  "candidate_hash": "candhash",
  "configuration_hash": "confhash",
  "universe_id": "test_universe",
  "universe_hash": "52b45305cfb92a732193940c852ecdb4de3054147d1e284565418aaee24e582c",
  "universe_manifest_hash": "6e6637a154d46b2e4f5ea8f5b0872fcaca58d9dcfa0afc1a7a84f133135c230e",
  "universe_policy": "POINT_IN_TIME_EXCHANGE_UNIVERSE",
  "survivorship_bias_risk": "LOW",
  "lifecycle_id": "test_lifecycle",
  "lifecycle_hash": "6158d68f37fe3407e099b46f6100f310f00361f0583844b9b06cceed6cea4ccc",
  "lifecycle_manifest_hash": "8b5dd73fef67a3a25f33c9ebaf7a91c4d4d66f6aef46c57ddcb61899fb155a34",
  "lifecycle_evidence_level_summary": {
    "USER_PROVIDED_UNVERIFIED": 2
  },
  "point_in_time_coverage_status": "PIT_ELIGIBLE",
  "point_in_time_coverage_hash": "3cfc1c102436ee731545a1b5e75504c87192273d6b03dfac3a32e2267b74d6a3",
  "point_in_time_promotion_recommendation": "ALLOW_STRICT_PROMOTION"
}